
Microsoft Visual Studio Solution File, Format Version 12.00
# Visual Studio 2013
VisualStudioVersion = 12.0.30501.0
MinimumVisualStudioVersion = 10.0.40219.1
Project("{F184B08F-C81C-45F6-A57F-5ABD9991F28F}") = "CookieStealer", "CookieStealer\CookieStealer.vbproj", "{7BC5E215-5FED-45F6-9D53-0E7B2BFCE20E}"
EndProject
Global
	GlobalSection(SolutionConfigurationPlatforms) = preSolution
		Debug|Any CPU = Debug|Any CPU
		Release|Any CPU = Release|Any CPU
	EndGlobalSection
	GlobalSection(ProjectConfigurationPlatforms) = postSolution
		{7BC5E215-5FED-45F6-9D53-0E7B2BFCE20E}.Debug|Any CPU.ActiveCfg = Debug|Any CPU
		{7BC5E215-5FED-45F6-9D53-0E7B2BFCE20E}.Debug|Any CPU.Build.0 = Debug|Any CPU
		{7BC5E215-5FED-45F6-9D53-0E7B2BFCE20E}.Release|Any CPU.ActiveCfg = Release|Any CPU
		{7BC5E215-5FED-45F6-9D53-0E7B2BFCE20E}.Release|Any CPU.Build.0 = Release|Any CPU
	EndGlobalSection
	GlobalSection(SolutionProperties) = preSolution
		HideSolutionNode = FALSE
	EndGlobalSection
EndGlobal
